
Microsoft Visual Studio Solution File, Format Version 12.00
# Visual Studio Version 16
VisualStudioVersion = 16.0.30104.148
MinimumVisualStudioVersion = 10.0.40219.1
Project("{FAE04EC0-301F-11D3-BF4B-00C04F79EFBC}") = "ReactiveStock", "ReactiveStock.csproj", "{50280FDB-D5CA-4122-ACE1-E05043062F9C}"
EndProject
Global
	GlobalSection(SolutionConfigurationPlatforms) = preSolution
		Debug|Any CPU = Debug|Any CPU
		Release|Any CPU = Release|Any CPU
	EndGlobalSection
	GlobalSection(ProjectConfigurationPlatforms) = postSolution
		{50280FDB-D5CA-4122-ACE1-E05043062F9C}.Debug|Any CPU.ActiveCfg = Debug|Any CPU
		{50280FDB-D5CA-4122-ACE1-E05043062F9C}.Debug|Any CPU.Build.0 = Debug|Any CPU
		{50280FDB-D5CA-4122-ACE1-E05043062F9C}.Release|Any CPU.ActiveCfg = Release|Any CPU
		{50280FDB-D5CA-4122-ACE1-E05043062F9C}.Release|Any CPU.Build.0 = Release|Any CPU
	EndGlobalSection
	GlobalSection(SolutionProperties) = preSolution
		HideSolutionNode = FALSE
	EndGlobalSection
	GlobalSection(ExtensibilityGlobals) = postSolution
		SolutionGuid = {AA7C9DBE-9251-4083-9A65-2B2C033327B6}
	EndGlobalSection
EndGlobal
